
Microsoft Visual Studio Solution File, Format Version 12.00
# Visual Studio Version 17
VisualStudioVersion = 17.5.002.0
MinimumVisualStudioVersion = 10.0.40219.1
Project("{9A19103F-16F7-4668-BE54-9A1E7A4F7556}") = "SignalRWebpack", "SignalRWebpack.csproj", "{3F1BF957-60B3-429D-A91B-9AD164DBE78D}"
EndProject
Global
	GlobalSection(SolutionConfigurationPlatforms) = preSolution
		Debug|Any CPU = Debug|Any CPU
		Release|Any CPU = Release|Any CPU
	EndGlobalSection
	GlobalSection(ProjectConfigurationPlatforms) = postSolution
		{3F1BF957-60B3-429D-A91B-9AD164DBE78D}.Debug|Any CPU.ActiveCfg = Debug|Any CPU
		{3F1BF957-60B3-429D-A91B-9AD164DBE78D}.Debug|Any CPU.Build.0 = Debug|Any CPU
		{3F1BF957-60B3-429D-A91B-9AD164DBE78D}.Release|Any CPU.ActiveCfg = Release|Any CPU
		{3F1BF957-60B3-429D-A91B-9AD164DBE78D}.Release|Any CPU.Build.0 = Release|Any CPU
	EndGlobalSection
	GlobalSection(SolutionProperties) = preSolution
		HideSolutionNode = FALSE
	EndGlobalSection
	GlobalSection(ExtensibilityGlobals) = postSolution
		SolutionGuid = {86A2847D-CDAD-4E86-893E-DD6F7427A3F2}
	EndGlobalSection
EndGlobal
